github.com/davecgh/go-spew v1.1.1 h1:vj9j/u1bqnvCEfJOwUhtlOARqs3+rkHYY13jYWTU97c=
github.com/davecgh/go-spew v1.1.1/go.mod h1:J7Y8YcW2NihsgmVo/mv3lAwl/skON4iLHjSsI+c5H38=
github.com/gomodule/redigo v2.0.0+incompatible h1:K/R+8tc58AaqLkqG2Ol3Qk+DR/TlNuhuh457pBFPtt0=
github.com/gomodule/redigo v2.0.0+incompatible/go.mod h1:B4C85qUVwatsJoIUNIfCRsp7qO0iAmpGFZ4EELWSbC4=
github.com/gookit/cache v0.0.0-20181025060743-a028f20ce6e0 h1:FAG/AY5KaiTeSNtG9QZBPH2zcOApnWuCjY/FeNMYV5s=
github.com/gookit/cache v0.0.0-20181025060743-a028f20ce6e0/go.mod h1:FjtD1Px16uvVDys+4ISxtChXoYzbR3WyBoTjX/OI9OA=
github.com/gookit/color v1.1.5/go.mod h1:655QfvFggjTrC1SaAufon2qad0RLgbdQa40lCeOdU64=
github.com/gookit/color v1.1.6 h1:CisXBwYhzdPZUV+F8J4N3nzTclW78mOYz6TbPwUmhV4=
github.com/gookit/color v1.1.6/go.mod h1:655QfvFggjTrC1SaAufon2qad0RLgbdQa40lCeOdU64=
github.com/gookit/event v1.0.0 h1:QAlbqvvDc9Z7F0du7g4p3phGYaNxB3lvgBFzxtiZuhM=
github.com/gookit/event v1.0.0/go.mod h1:cjw1zqlEumuNWdUK72kkc68GbW8nZfukJiu3YYDk3a0=
github.com/gookit/goutil v0.1.2 h1:ynF8c/MEo4YwW9MG9tVq09hwt9tRTkWJaTgijahOVn0=
github.com/gookit/goutil v0.1.2/go.mod h1:3lBTrzsCHr3OpPJIsaRy+MRiLEXkb20MGLmEmYnlfto=
github.com/gookit/ini v1.1.1 h1:wjwnhOHGdhqXY+i1OV3CzYXby/r04E3dHuG24cPADNI=
github.com/gookit/ini v1.1.1/go.mod h1:is/bsEzzUN6w/20zEfCiPjR7C3c1athtzUbTqkZTAhk=
github.com/gookit/rux v1.1.2 h1:3MVhyngko1WOcLwAkc156EYtzOY0Sr5SIza3MhlYimk=
github.com/gookit/rux v1.1.2/go.mod h1:Cs47ojRFAK9/NMnF7g6ePHEDusMzyj5ThmZaBE5pRIM=
github.com/gookit/view v1.0.1 h1:kGpCALlCXdOoDWWaFTyVNUxyFdDNnEdS3lFxliKuJyo=
github.com/gookit/view v1.0.1/go.mod h1:GtetX+hJJRcAHtQ6HnCypUeLXrX8r2F8GBUaU8ZazUo=
github.com/pkg/errors v0.8.1 h1:iURUrRGxPUNPdy5/HRSm+Yj6okJ6UtLINN0Q9M4+h3I=
github.com/pkg/errors v0.8.1/go.mod h1:bwawxfHBFNV+L2hUp1rHADufV3IMtnDRdf1r5NINEl0=
github.com/pmezard/go-difflib v1.0.0 h1:4DBwDE0NGyQoBHbLQYPwSUPoCMWR5BEzIk/f1lZbAQM=
github.com/pmezard/go-difflib v1.0.0/go.mod h1:iKH77koFhYxTK1pcRnkKkqfTogsbg7gZNVY4sRDYZ/4=
github.com/stretchr/testify v1.2.2 h1:bSDNvY7ZPG5RlJ8otE/7V6gMiyenm9RtJ7IUVIAoJ1w=
github.com/stretchr/testify v1.2.2/go.mod h1:a8OnRcib4nhh0OaRAV+Yts87kKdq0PP7pXfy6kDkUVs=
github.com/syyongx/llog v0.0.0-20181208071035-38e5241e271d h1:AB2sb+gW3C4FVVcuEMQV0e7qh2gjdDUFtaUOQl4LynQ=
github.com/syyongx/llog v0.0.0-20181208071035-38e5241e271d/go.mod h1:/UHX9iEXv+5L8cOd0OM8DH6ln3/PGtRbCGbCk8uTStQ=
