github.com/BurntSushi/toml v0.3.1/go.mod h1:xHWCNGjB5oqiDr8zfno3MHue2Ht5sIBksp03qcyfWMU=
github.com/davecgh/go-spew v1.1.0/go.mod h1:J7Y8YcW2NihsgmVo/mv3lAwl/skON4iLHjSsI+c5H38=
github.com/davecgh/go-spew v1.1.1 h1:vj9j/u1bqnvCEfJOwUhtlOARqs3+rkHYY13jYWTU97c=
github.com/davecgh/go-spew v1.1.1/go.mod h1:J7Y8YcW2NihsgmVo/mv3lAwl/skON4iLHjSsI+c5H38=
github.com/fsnotify/fsnotify v1.4.7/go.mod h1:jwhsz4b93w/PPRr/qN1Yymfu8t87LnFCMoQvtojpjFo=
github.com/gomodule/redigo v2.0.0+incompatible h1:K/R+8tc58AaqLkqG2Ol3Qk+DR/TlNuhuh457pBFPtt0=
github.com/gomodule/redigo v2.0.0+incompatible/go.mod h1:B4C85qUVwatsJoIUNIfCRsp7qO0iAmpGFZ4EELWSbC4=
github.com/google/gofuzz v1.0.0/go.mod h1:dBl0BpW6vV/+mYPU4Po3pmUjxk6FQPldtuIdl/M65Eg=
github.com/gookit/cache v0.0.0-20181025060743-a028f20ce6e0 h1:FAG/AY5KaiTeSNtG9QZBPH2zcOApnWuCjY/FeNMYV5s=
github.com/gookit/cache v0.0.0-20181025060743-a028f20ce6e0/go.mod h1:FjtD1Px16uvVDys+4ISxtChXoYzbR3WyBoTjX/OI9OA=
github.com/gookit/cache v0.0.0-20190325063822-540af04cdf3b h1:fgaJKiwBTMTMI3eU/bXvmQ/AVvlWZLiZP11005OVzXk=
github.com/gookit/cache v0.0.0-20190325063822-540af04cdf3b/go.mod h1:FjtD1Px16uvVDys+4ISxtChXoYzbR3WyBoTjX/OI9OA=
github.com/gookit/color v1.1.4/go.mod h1:655QfvFggjTrC1SaAufon2qad0RLgbdQa40lCeOdU64=
github.com/gookit/color v1.1.5/go.mod h1:655QfvFggjTrC1SaAufon2qad0RLgbdQa40lCeOdU64=
github.com/gookit/color v1.1.6 h1:CisXBwYhzdPZUV+F8J4N3nzTclW78mOYz6TbPwUmhV4=
github.com/gookit/color v1.1.6/go.mod h1:655QfvFggjTrC1SaAufon2qad0RLgbdQa40lCeOdU64=
github.com/gookit/color v1.1.7/go.mod h1:R3ogXq2B9rTbXoSHJ1HyUVAZ3poOJHpd9nQmyGZsfvQ=
github.com/gookit/color v1.1.10 h1:VdHboj7tNReSSIMdFTrLanp7NMYi7apKKn8OZmzNJGs=
github.com/gookit/color v1.1.10/go.mod h1:AhIE+pS6D4Ql0SQWbBeXPHw7gY0/sjHoA4s/n1KB7xg=
github.com/gookit/color v1.2.0 h1:lHA77Kuyi5JpBnA9ESvwkY+nanLjRZ0mHbWQXRYk2Lk=
github.com/gookit/color v1.2.0/go.mod h1:AhIE+pS6D4Ql0SQWbBeXPHw7gY0/sjHoA4s/n1KB7xg=
github.com/gookit/config v0.0.0-20190309183249-dd5df3d23fb0 h1:VRBuwzaqFCl+LmHOmhElwwIVkgo1MJVGuZ+zKMTjHdI=
github.com/gookit/config v0.0.0-20190309183249-dd5df3d23fb0/go.mod h1:8DnUW5qhc108t3zMIf0j+3ZxZOs4vE+Yja6Sxao0FXg=
github.com/gookit/config v1.1.0 h1:mO4aPz0jMUIKS8FdEQo6oQJ1Cd+DLCx4NCvJZOjBPnA=
github.com/gookit/config/v2 v2.0.13 h1:pW5QITZN8LJBJzGJjREQZHV2Z0/hcny9vNc30L2p42o=
github.com/gookit/config/v2 v2.0.13/go.mod h1:cTsm02Ya9pHQCnL6cDlh5kKZ21UfVhES/ggYNnhfiE0=
github.com/gookit/event v1.0.0 h1:QAlbqvvDc9Z7F0du7g4p3phGYaNxB3lvgBFzxtiZuhM=
github.com/gookit/event v1.0.0/go.mod h1:cjw1zqlEumuNWdUK72kkc68GbW8nZfukJiu3YYDk3a0=
github.com/gookit/event v1.0.3 h1:WM8oiUs2HbpkQFiBNWNnggWx0AlY0KmY3uNosYRqZQ4=
github.com/gookit/event v1.0.3/go.mod h1:xXS8qkwW87Uy7oHWVflQJ+rph0E2m1dBy5B/WqAx620=
github.com/gookit/filter v1.0.8 h1:Tu1q3mIrBXPvjgeQ2kj9OnlMiwIWQqE3eSl/PQESo8g=
github.com/gookit/filter v1.0.8/go.mod h1:dJvhTHD8/+idp3TqMBuHk0zvvUSdmIvA2XMR42jSUZU=
github.com/gookit/filter v1.0.10 h1:Np7uZGoqORplPzPQVeNja8dJuzj/HMO7/CsNv1STB0g=
github.com/gookit/filter v1.0.10/go.mod h1:dJvhTHD8/+idp3TqMBuHk0zvvUSdmIvA2XMR42jSUZU=
github.com/gookit/gcli v0.0.0-20190217161834-7f51736425a0 h1:26qtK9ncDlMPsu0CJxfpmXNEzOMgnLrYb9M1qZx2xA4=
github.com/gookit/gcli v0.0.0-20190217161834-7f51736425a0/go.mod h1:B/RgtGfWhKSWBbOhvfrK+NG9FAOB5PxC2dpUvJgcJLY=
github.com/gookit/gcli v1.2.1 h1:a/DApyzDT/468l/v8oTGwd1TYDdD6Q+a1aWQ+IZoD24=
github.com/gookit/gcli/v2 v2.1.0 h1:EZ/sAZd+zVOR0YUD8r8ip76/uEeTGj0lsHzGQ++LPng=
github.com/gookit/gcli/v2 v2.1.0/go.mod h1:eY8edexpVHTy00d27655nlRphlT4AL8T31bUYPzZflA=
github.com/gookit/goutil v0.0.0-20181022075743-4a30479feb86/go.mod h1:3lBTrzsCHr3OpPJIsaRy+MRiLEXkb20MGLmEmYnlfto=
github.com/gookit/goutil v0.1.2 h1:ynF8c/MEo4YwW9MG9tVq09hwt9tRTkWJaTgijahOVn0=
github.com/gookit/goutil v0.1.2/go.mod h1:3lBTrzsCHr3OpPJIsaRy+MRiLEXkb20MGLmEmYnlfto=
github.com/gookit/goutil v0.1.3 h1:1J0gsOdNn/L5flVyrpNLo8BxH21GaWBVSG3P1u4PyOA=
github.com/gookit/goutil v0.1.3/go.mod h1:3lBTrzsCHr3OpPJIsaRy+MRiLEXkb20MGLmEmYnlfto=
github.com/gookit/goutil v0.1.4/go.mod h1:LRPzhcWV540XDMnW+7oXy5VRW+lyQ7dWi7blm187ILo=
github.com/gookit/goutil v0.2.0/go.mod h1:O87qerqbN9aB6dAoVcI/jqRaLuiWh/Mt5RWzrV1JqIw=
github.com/gookit/goutil v0.2.1 h1:oBckOmjiUb6EP0f7atNcgm8j7vN/L0vssNCIt9/FdpM=
github.com/gookit/goutil v0.2.1/go.mod h1:O87qerqbN9aB6dAoVcI/jqRaLuiWh/Mt5RWzrV1JqIw=
github.com/gookit/goutil v0.2.3 h1:CJWRcCYzJJXIocHxLeeIn4U09ZLlNTqJtzc9QRF9g/o=
github.com/gookit/goutil v0.2.3/go.mod h1:8emMcACka2rFot/L9ZO7r3zjWiitzIhB/CfWXUCW75w=
github.com/gookit/ini v1.1.1 h1:wjwnhOHGdhqXY+i1OV3CzYXby/r04E3dHuG24cPADNI=
github.com/gookit/ini v1.1.1/go.mod h1:is/bsEzzUN6w/20zEfCiPjR7C3c1athtzUbTqkZTAhk=
github.com/gookit/ini/v2 v2.0.2 h1:skOC28DmcUsRV+HsVyGtZeROoK2Q5h9/LnIoXKa5biw=
github.com/gookit/ini/v2 v2.0.2/go.mod h1:u250RBnqr4Aw3NueRW28/j6ykCcDAemGV6HGfXV02Hw=
github.com/gookit/rux v1.1.2 h1:3MVhyngko1WOcLwAkc156EYtzOY0Sr5SIza3MhlYimk=
github.com/gookit/rux v1.1.2/go.mod h1:Cs47ojRFAK9/NMnF7g6ePHEDusMzyj5ThmZaBE5pRIM=
github.com/gookit/rux v1.2.4 h1:4OjNPeH9QbGNjeHhAZvjf0c9TrjlVI1I+AzFHqNIN6c=
github.com/gookit/rux v1.2.4/go.mod h1:Ow9InOYtJu8+sO/6rTlfLQb4xQc02RyXVs4QlTVFCnA=
github.com/gookit/view v1.0.1 h1:kGpCALlCXdOoDWWaFTyVNUxyFdDNnEdS3lFxliKuJyo=
github.com/gookit/view v1.0.1/go.mod h1:GtetX+hJJRcAHtQ6HnCypUeLXrX8r2F8GBUaU8ZazUo=
github.com/gookit/view v1.0.2 h1:4VYBdLyVluNp1eoHR4jkWQGvCkp0JHeZlKADdjyFo3s=
github.com/gookit/view v1.0.2/go.mod h1:r/vHXFY79qkPdgKmYDa0/ATmNX59fDxRP+/VATT1GM4=
github.com/gorilla/websocket v1.4.0/go.mod h1:E7qHFY5m1UJ88s3WnNqhKjPHQ0heANvMoAMk2YaljkQ=
github.com/hashicorp/hcl v1.0.0/go.mod h1:E5yfLk+7swimpb2L/Alb/PJmXilQ/rhwaUYs4T20WEQ=
github.com/imdario/mergo v0.3.7 h1:Y+UAYTZ7gDEuOfhxKWy+dvb5dRQ6rJjFSdX2HZY1/gI=
github.com/imdario/mergo v0.3.7/go.mod h1:2EnlNZ0deacrJVfApfmtdGgDfMuh/nq6Ok1EcJh5FfA=
github.com/imdario/mergo v0.3.8 h1:CGgOkSJeqMRmt0D9XLWExdT4m4F1vd3FV3VPt+0VxkQ=
github.com/imdario/mergo v0.3.8/go.mod h1:2EnlNZ0deacrJVfApfmtdGgDfMuh/nq6Ok1EcJh5FfA=
github.com/json-iterator/go v1.1.5/go.mod h1:+SdeFBvtyEkXs7REEP0seUULqWtbJapLOCVDaaPEHmU=
github.com/json-iterator/go v1.1.7/go.mod h1:KdQUCv79m/52Kvf8AW2vK1V8akMuk1QjK/uOdHXbAo4=
github.com/json-iterator/go v1.1.8 h1:QiWkFLKq0T7mpzwOTu6BzNDbfTE8OLrYhVKYMLF46Ok=
github.com/json-iterator/go v1.1.8/go.mod h1:KdQUCv79m/52Kvf8AW2vK1V8akMuk1QjK/uOdHXbAo4=
github.com/konsorten/go-windows-terminal-sequences v1.0.1 h1:mweAR1A6xJ3oS2pRaGiHgQ4OO8tzTaLawm8vnODuwDk=
github.com/konsorten/go-windows-terminal-sequences v1.0.1/go.mod h1:T0+1ngSBFLxvqU3pZ+m/2kptfBszLMUkC4ZK/EgS/cQ=
github.com/kr/pretty v0.1.0/go.mod h1:dAy3ld7l9f0ibDNOQOHHMYYIIbhfbHSm3C4ZsoJORNo=
github.com/kr/pty v1.1.1/go.mod h1:pFQYn66WHrOpPYNljwOMqo10TkYh1fy3cYio2l3bCsQ=
github.com/kr/text v0.1.0/go.mod h1:4Jbv+DJW3UT/LiOwJeYQe1efqtUx/iVham/4vfdArNI=
github.com/mitchellh/mapstructure v1.1.2 h1:fmNYVwqnSfB9mZU6OS2O6GsXM+wcskZDuKQzvN1EDeE=
github.com/mitchellh/mapstructure v1.1.2/go.mod h1:FVVH3fgwuzCH5S8UJGiWEs2h04kUh9fWfEaFds41c1Y=
github.com/modern-go/concurrent v0.0.0-20180228061459-e0a39a4cb421/go.mod h1:6dJC0mAP4ikYIbvyc7fijjWJddQyLn8Ig3JB5CqoB9Q=
github.com/modern-go/concurrent v0.0.0-20180306012644-bacd9c7ef1dd h1:TRLaZ9cD/w8PVh93nsPXa1VrQ6jlwL5oN8l14QlcNfg=
github.com/modern-go/concurrent v0.0.0-20180306012644-bacd9c7ef1dd/go.mod h1:6dJC0mAP4ikYIbvyc7fijjWJddQyLn8Ig3JB5CqoB9Q=
github.com/modern-go/reflect2 v0.0.0-20180701023420-4b7aa43c6742/go.mod h1:bx2lNnkwVCuqBIxFjflWJWanXIb3RllmbCylyMrvgv0=
github.com/modern-go/reflect2 v1.0.1 h1:9f412s+6RmYXLWZSEzVVgPGK7C2PphHj5RJrvfx9AWI=
github.com/modern-go/reflect2 v1.0.1/go.mod h1:bx2lNnkwVCuqBIxFjflWJWanXIb3RllmbCylyMrvgv0=
github.com/pkg/errors v0.8.1 h1:iURUrRGxPUNPdy5/HRSm+Yj6okJ6UtLINN0Q9M4+h3I=
github.com/pkg/errors v0.8.1/go.mod h1:bwawxfHBFNV+L2hUp1rHADufV3IMtnDRdf1r5NINEl0=
github.com/pmezard/go-difflib v1.0.0 h1:4DBwDE0NGyQoBHbLQYPwSUPoCMWR5BEzIk/f1lZbAQM=
github.com/pmezard/go-difflib v1.0.0/go.mod h1:iKH77koFhYxTK1pcRnkKkqfTogsbg7gZNVY4sRDYZ/4=
github.com/sirupsen/logrus v1.4.0 h1:yKenngtzGh+cUSSh6GWbxW2abRqhYUSR/t/6+2QqNvE=
github.com/sirupsen/logrus v1.4.0/go.mod h1:LxeOpSwHxABJmUn/MG1IvRgCAasNZTLOkJPxbbu5VWo=
github.com/stretchr/objx v0.1.0/go.mod h1:HFkY916IF+rwdDfMAkV7OtwuqBVzrE8GR6GFx+wExME=
github.com/stretchr/objx v0.1.1/go.mod h1:HFkY916IF+rwdDfMAkV7OtwuqBVzrE8GR6GFx+wExME=
github.com/stretchr/testify v1.2.2 h1:bSDNvY7ZPG5RlJ8otE/7V6gMiyenm9RtJ7IUVIAoJ1w=
github.com/stretchr/testify v1.2.2/go.mod h1:a8OnRcib4nhh0OaRAV+Yts87kKdq0PP7pXfy6kDkUVs=
github.com/stretchr/testify v1.3.0 h1:TivCn/peBQ7UY8ooIcPgZFpTNSz0Q2U6UrFlUfqbe0Q=
github.com/stretchr/testify v1.3.0/go.mod h1:M5WIy9Dh21IEIfnGCwXGc5bZfKNJtfHm1UVUgZn+9EI=
github.com/stretchr/testify v1.4.0/go.mod h1:j7eGeouHqKxXV5pUuKE4zz7dFj8WfuZ+81PSLYec5m4=
github.com/syyongx/llog v0.0.0-20181208071035-38e5241e271d h1:AB2sb+gW3C4FVVcuEMQV0e7qh2gjdDUFtaUOQl4LynQ=
github.com/syyongx/llog v0.0.0-20181208071035-38e5241e271d/go.mod h1:/UHX9iEXv+5L8cOd0OM8DH6ln3/PGtRbCGbCk8uTStQ=
github.com/syyongx/llog v0.0.0-20190531015452-5d1dfc043e35 h1:2X+eUqnmNwq+JacdScE4Lq8djMTgmDRmVSGNCWSzK3I=
github.com/syyongx/llog v0.0.0-20190531015452-5d1dfc043e35/go.mod h1:/UHX9iEXv+5L8cOd0OM8DH6ln3/PGtRbCGbCk8uTStQ=
golang.org/x/crypto v0.0.0-20180802221118-56440b844dfe h1:Eq9tyKsrFaNsQk6YtZlsrRbcl6NO23yz3Sbpe9pmw0U=
golang.org/x/crypto v0.0.0-20180802221118-56440b844dfe/go.mod h1:6SG95UA2DQfeDnfUPMdvaQW0Q7yPrPDi9nlGo2tz2b4=
golang.org/x/crypto v0.0.0-20180904163835-0709b304e793 h1:u+LnwYTOOW7Ukr/fppxEb1Nwz0AtPflrblfvUudpo+I=
golang.org/x/crypto v0.0.0-20180904163835-0709b304e793/go.mod h1:6SG95UA2DQfeDnfUPMdvaQW0Q7yPrPDi9nlGo2tz2b4=
golang.org/x/crypto v0.0.0-20190308221718-c2843e01d9a2/go.mod h1:djNgcEr1/C05ACkg1iLfiJU5Ep61QUkGW8qpdssI0+w=
golang.org/x/crypto v0.0.0-20190701094942-4def268fd1a4 h1:HuIa8hRrWRSrqYzx1qI49NNxhdi2PrY7gxVSq1JjLDc=
golang.org/x/crypto v0.0.0-20190701094942-4def268fd1a4/go.mod h1:yigFU9vqHzYiE8UmvKecakEJjdnWj3jj499lnFckfCI=
golang.org/x/net v0.0.0-20190404232315-eb5bcb51f2a3/go.mod h1:t9HGtf8HONx5eT2rtn7q6eTqICYqUVnKs3thJo3Qplg=
golang.org/x/sys v0.0.0-20180806143827-98c5dad5d1a0 h1:+U9659DvINJ6PJ7Sucf3U5LDNRRylWtW9LkZhr8qyb8=
golang.org/x/sys v0.0.0-20180806143827-98c5dad5d1a0/go.mod h1:STP8DvDyc/dI5b8T5hshtkjS+E42TnysNCUPdjciGhY=
golang.org/x/sys v0.0.0-20180905080454-ebe1bf3edb33 h1:I6FyU15t786LL7oL/hn43zqTuEGr4PN7F4XJ1p4E3Y8=
golang.org/x/sys v0.0.0-20180905080454-ebe1bf3edb33/go.mod h1:STP8DvDyc/dI5b8T5hshtkjS+E42TnysNCUPdjciGhY=
golang.org/x/sys v0.0.0-20190215142949-d0b11bdaac8a/go.mod h1:STP8DvDyc/dI5b8T5hshtkjS+E42TnysNCUPdjciGhY=
golang.org/x/sys v0.0.0-20190412213103-97732733099d/go.mod h1:h1NjWce9XRLGQEsW7wpKNCjG9DtNlClVuFLEZdDNbEs=
golang.org/x/sys v0.0.0-20190726091711-fc99dfbffb4e h1:D5TXcfTk7xF7hvieo4QErS3qqCB4teTffacDWr7CI+0=
golang.org/x/sys v0.0.0-20190726091711-fc99dfbffb4e/go.mod h1:h1NjWce9XRLGQEsW7wpKNCjG9DtNlClVuFLEZdDNbEs=
golang.org/x/text v0.3.0/go.mod h1:NqM8EUOU14njkJ3fqMW+pc6Ldnwhi/IjpwHt7yyuwOQ=
gopkg.in/check.v1 v0.0.0-20161208181325-20d25e280405 h1:yhCVgyC4o1eVCa2tZl7eS0r+SDo693bJlVdllGtEeKM=
gopkg.in/check.v1 v0.0.0-20161208181325-20d25e280405/go.mod h1:Co6ibVJAznAaIkqp8huTwlJQCZ016jof/cbN4VW5Yz0=
gopkg.in/check.v1 v1.0.0-20180628173108-788fd7840127/go.mod h1:Co6ibVJAznAaIkqp8huTwlJQCZ016jof/cbN4VW5Yz0=
gopkg.in/yaml.v2 v2.2.2 h1:ZCJp+EgiOT7lHqUV2J862kp8Qj64Jo6az82+3Td9dZw=
gopkg.in/yaml.v2 v2.2.2/go.mod h1:hI93XBmqTisBFMUTm0b8Fm+jr3Dg1NNxqwp+5A1VGuI=
gopkg.in/yaml.v2 v2.2.7 h1:VUgggvou5XRW9mHwD/yXxIYSMtY0zoKQf/v226p2nyo=
gopkg.in/yaml.v2 v2.2.7/go.mod h1:hI93XBmqTisBFMUTm0b8Fm+jr3Dg1NNxqwp+5A1VGuI=
