github.com/davecgh/go-spew v1.1.1/go.mod h1:J7Y8YcW2NihsgmVo/mv3lAwl/skON4iLHjSsI+c5H38=
github.com/fsnotify/fsnotify v1.4.7/go.mod h1:jwhsz4b93w/PPRr/qN1Yymfu8t87LnFCMoQvtojpjFo=
github.com/gomodule/redigo v2.0.0+incompatible/go.mod h1:B4C85qUVwatsJoIUNIfCRsp7qO0iAmpGFZ4EELWSbC4=
github.com/gookit/cache v0.0.0-20181025060743-a028f20ce6e0/go.mod h1:FjtD1Px16uvVDys+4ISxtChXoYzbR3WyBoTjX/OI9OA=
github.com/gookit/color v1.1.4/go.mod h1:655QfvFggjTrC1SaAufon2qad0RLgbdQa40lCeOdU64=
github.com/gookit/color v1.1.5/go.mod h1:655QfvFggjTrC1SaAufon2qad0RLgbdQa40lCeOdU64=
github.com/gookit/color v1.1.6/go.mod h1:655QfvFggjTrC1SaAufon2qad0RLgbdQa40lCeOdU64=
github.com/gookit/event v1.0.0/go.mod h1:cjw1zqlEumuNWdUK72kkc68GbW8nZfukJiu3YYDk3a0=
github.com/gookit/filter v1.0.8/go.mod h1:dJvhTHD8/+idp3TqMBuHk0zvvUSdmIvA2XMR42jSUZU=
github.com/gookit/gcli v0.0.0-20190217161834-7f51736425a0/go.mod h1:B/RgtGfWhKSWBbOhvfrK+NG9FAOB5PxC2dpUvJgcJLY=
github.com/gookit/goutil v0.0.0-20181022075743-4a30479feb86/go.mod h1:3lBTrzsCHr3OpPJIsaRy+MRiLEXkb20MGLmEmYnlfto=
github.com/gookit/goutil v0.1.2/go.mod h1:3lBTrzsCHr3OpPJIsaRy+MRiLEXkb20MGLmEmYnlfto=
github.com/gookit/ini v1.1.1/go.mod h1:is/bsEzzUN6w/20zEfCiPjR7C3c1athtzUbTqkZTAhk=
github.com/gookit/rux v1.1.2/go.mod h1:Cs47ojRFAK9/NMnF7g6ePHEDusMzyj5ThmZaBE5pRIM=
github.com/gookit/view v1.0.1/go.mod h1:GtetX+hJJRcAHtQ6HnCypUeLXrX8r2F8GBUaU8ZazUo=
github.com/pkg/errors v0.8.1/go.mod h1:bwawxfHBFNV+L2hUp1rHADufV3IMtnDRdf1r5NINEl0=
github.com/pmezard/go-difflib v1.0.0/go.mod h1:iKH77koFhYxTK1pcRnkKkqfTogsbg7gZNVY4sRDYZ/4=
github.com/stretchr/testify v1.2.2/go.mod h1:a8OnRcib4nhh0OaRAV+Yts87kKdq0PP7pXfy6kDkUVs=
github.com/syyongx/llog v0.0.0-20181208071035-38e5241e271d/go.mod h1:/UHX9iEXv+5L8cOd0OM8DH6ln3/PGtRbCGbCk8uTStQ=
golang.org/x/crypto v0.0.0-20180802221118-56440b844dfe/go.mod h1:6SG95UA2DQfeDnfUPMdvaQW0Q7yPrPDi9nlGo2tz2b4=
golang.org/x/sys v0.0.0-20180806143827-98c5dad5d1a0/go.mod h1:STP8DvDyc/dI5b8T5hshtkjS+E42TnysNCUPdjciGhY=
